
Microsoft Visual Studio Solution File, Format Version 12.00
# Visual Studio Version 17
VisualStudioVersion = 17.0.31903.59
MinimumVisualStudioVersion = 10.0.40219.1
Project("{2150E333-8FDC-42A3-9474-1A3956D46DE8}") = "src", "src", "{827E0CD3-B72D-47B6-A68D-7590B98EB39B}"
EndProject
Project("{FAE04EC0-301F-11D3-BF4B-00C04F79EFBC}") = "Skytech.API", "src\Skytech.API\Skytech.API.csproj", "{9341B387-521F-4C7B-A638-3DF4A012BF22}"
EndProject
Project("{FAE04EC0-301F-11D3-BF4B-00C04F79EFBC}") = "Skytech.Aplicacao", "src\Skytech.Aplicacao\Skytech.Aplicacao.csproj", "{71EFE01A-DE0F-4C5D-8C63-66AA35DAB36D}"
EndProject
Project("{FAE04EC0-301F-11D3-BF4B-00C04F79EFBC}") = "Skytech.Dominio", "src\Skytech.Dominio\Skytech.Dominio.csproj", "{0AFF8FC7-EFA2-45D1-8065-4A2032275F54}"
EndProject
Project("{FAE04EC0-301F-11D3-BF4B-00C04F79EFBC}") = "Skytech.CrossCutting", "src\Skytech.CrossCutting\Skytech.CrossCutting.csproj", "{F0B4B69B-D1EB-469B-BC2E-B59F2F1C0634}"
EndProject
Project("{FAE04EC0-301F-11D3-BF4B-00C04F79EFBC}") = "Skytech.DataTransfer", "src\Skytech.DataTransfer\Skytech.DataTransfer.csproj", "{DF138895-5052-4B2F-8F8D-02B7BABEEE8A}"
EndProject
Project("{FAE04EC0-301F-11D3-BF4B-00C04F79EFBC}") = "Skytech.Ioc", "src\Skytech.Ioc\Skytech.Ioc.csproj", "{3C606F80-E190-48ED-B7FF-14F715A17F9D}"
EndProject
Project("{FAE04EC0-301F-11D3-BF4B-00C04F79EFBC}") = "Skytech.Infra", "src\Skytech.Infra\Skytech.Infra.csproj", "{CF8CC0AB-9260-4971-9099-9A145041A170}"
EndProject
Project("{FAE04EC0-301F-11D3-BF4B-00C04F79EFBC}") = "Skytech.Workers", "src\Skytech.Workers\Skytech.Workers.csproj", "{B5EC035A-2443-4808-ADD8-30869A0D54A4}"
EndProject
Project("{FAE04EC0-301F-11D3-BF4B-00C04F79EFBC}") = "Skytech.Consumers", "src\Skytech.Consumers\Skytech.Consumers.csproj", "{AF819704-D354-4F6B-9246-9082696127F2}"
EndProject
Project("{2150E333-8FDC-42A3-9474-1A3956D46DE8}") = "tests", "tests", "{0AB3BF05-4346-4AA6-1389-037BE0695223}"
EndProject
Project("{FAE04EC0-301F-11D3-BF4B-00C04F79EFBC}") = "Skytech.Dominio.Testes", "tests\Skytech.Dominio.Testes\Skytech.Dominio.Testes.csproj", "{1CE61170-C296-4C08-9769-907159180716}"
EndProject
Global
	GlobalSection(SolutionConfigurationPlatforms) = preSolution
		Debug|Any CPU = Debug|Any CPU
		Debug|x64 = Debug|x64
		Debug|x86 = Debug|x86
		Release|Any CPU = Release|Any CPU
		Release|x64 = Release|x64
		Release|x86 = Release|x86
	EndGlobalSection
	GlobalSection(ProjectConfigurationPlatforms) = postSolution
		{9341B387-521F-4C7B-A638-3DF4A012BF22}.Debug|Any CPU.ActiveCfg = Debug|Any CPU
		{9341B387-521F-4C7B-A638-3DF4A012BF22}.Debug|Any CPU.Build.0 = Debug|Any CPU
		{9341B387-521F-4C7B-A638-3DF4A012BF22}.Debug|x64.ActiveCfg = Debug|Any CPU
		{9341B387-521F-4C7B-A638-3DF4A012BF22}.Debug|x64.Build.0 = Debug|Any CPU
		{9341B387-521F-4C7B-A638-3DF4A012BF22}.Debug|x86.ActiveCfg = Debug|Any CPU
		{9341B387-521F-4C7B-A638-3DF4A012BF22}.Debug|x86.Build.0 = Debug|Any CPU
		{9341B387-521F-4C7B-A638-3DF4A012BF22}.Release|Any CPU.ActiveCfg = Release|Any CPU
		{9341B387-521F-4C7B-A638-3DF4A012BF22}.Release|Any CPU.Build.0 = Release|Any CPU
		{9341B387-521F-4C7B-A638-3DF4A012BF22}.Release|x64.ActiveCfg = Release|Any CPU
		{9341B387-521F-4C7B-A638-3DF4A012BF22}.Release|x64.Build.0 = Release|Any CPU
		{9341B387-521F-4C7B-A638-3DF4A012BF22}.Release|x86.ActiveCfg = Release|Any CPU
		{9341B387-521F-4C7B-A638-3DF4A012BF22}.Release|x86.Build.0 = Release|Any CPU
		{71EFE01A-DE0F-4C5D-8C63-66AA35DAB36D}.Debug|Any CPU.ActiveCfg = Debug|Any CPU
		{71EFE01A-DE0F-4C5D-8C63-66AA35DAB36D}.Debug|Any CPU.Build.0 = Debug|Any CPU
		{71EFE01A-DE0F-4C5D-8C63-66AA35DAB36D}.Debug|x64.ActiveCfg = Debug|Any CPU
		{71EFE01A-DE0F-4C5D-8C63-66AA35DAB36D}.Debug|x64.Build.0 = Debug|Any CPU
		{71EFE01A-DE0F-4C5D-8C63-66AA35DAB36D}.Debug|x86.ActiveCfg = Debug|Any CPU
		{71EFE01A-DE0F-4C5D-8C63-66AA35DAB36D}.Debug|x86.Build.0 = Debug|Any CPU
		{71EFE01A-DE0F-4C5D-8C63-66AA35DAB36D}.Release|Any CPU.ActiveCfg = Release|Any CPU
		{71EFE01A-DE0F-4C5D-8C63-66AA35DAB36D}.Release|Any CPU.Build.0 = Release|Any CPU
		{71EFE01A-DE0F-4C5D-8C63-66AA35DAB36D}.Release|x64.ActiveCfg = Release|Any CPU
		{71EFE01A-DE0F-4C5D-8C63-66AA35DAB36D}.Release|x64.Build.0 = Release|Any CPU
		{71EFE01A-DE0F-4C5D-8C63-66AA35DAB36D}.Release|x86.ActiveCfg = Release|Any CPU
		{71EFE01A-DE0F-4C5D-8C63-66AA35DAB36D}.Release|x86.Build.0 = Release|Any CPU
		{0AFF8FC7-EFA2-45D1-8065-4A2032275F54}.Debug|Any CPU.ActiveCfg = Debug|Any CPU
		{0AFF8FC7-EFA2-45D1-8065-4A2032275F54}.Debug|Any CPU.Build.0 = Debug|Any CPU
		{0AFF8FC7-EFA2-45D1-8065-4A2032275F54}.Debug|x64.ActiveCfg = Debug|Any CPU
		{0AFF8FC7-EFA2-45D1-8065-4A2032275F54}.Debug|x64.Build.0 = Debug|Any CPU
		{0AFF8FC7-EFA2-45D1-8065-4A2032275F54}.Debug|x86.ActiveCfg = Debug|Any CPU
		{0AFF8FC7-EFA2-45D1-8065-4A2032275F54}.Debug|x86.Build.0 = Debug|Any CPU
		{0AFF8FC7-EFA2-45D1-8065-4A2032275F54}.Release|Any CPU.ActiveCfg = Release|Any CPU
		{0AFF8FC7-EFA2-45D1-8065-4A2032275F54}.Release|Any CPU.Build.0 = Release|Any CPU
		{0AFF8FC7-EFA2-45D1-8065-4A2032275F54}.Release|x64.ActiveCfg = Release|Any CPU
		{0AFF8FC7-EFA2-45D1-8065-4A2032275F54}.Release|x64.Build.0 = Release|Any CPU
		{0AFF8FC7-EFA2-45D1-8065-4A2032275F54}.Release|x86.ActiveCfg = Release|Any CPU
		{0AFF8FC7-EFA2-45D1-8065-4A2032275F54}.Release|x86.Build.0 = Release|Any CPU
		{F0B4B69B-D1EB-469B-BC2E-B59F2F1C0634}.Debug|Any CPU.ActiveCfg = Debug|Any CPU
		{F0B4B69B-D1EB-469B-BC2E-B59F2F1C0634}.Debug|Any CPU.Build.0 = Debug|Any CPU
		{F0B4B69B-D1EB-469B-BC2E-B59F2F1C0634}.Debug|x64.ActiveCfg = Debug|Any CPU
		{F0B4B69B-D1EB-469B-BC2E-B59F2F1C0634}.Debug|x64.Build.0 = Debug|Any CPU
		{F0B4B69B-D1EB-469B-BC2E-B59F2F1C0634}.Debug|x86.ActiveCfg = Debug|Any CPU
		{F0B4B69B-D1EB-469B-BC2E-B59F2F1C0634}.Debug|x86.Build.0 = Debug|Any CPU
		{F0B4B69B-D1EB-469B-BC2E-B59F2F1C0634}.Release|Any CPU.ActiveCfg = Release|Any CPU
		{F0B4B69B-D1EB-469B-BC2E-B59F2F1C0634}.Release|Any CPU.Build.0 = Release|Any CPU
		{F0B4B69B-D1EB-469B-BC2E-B59F2F1C0634}.Release|x64.ActiveCfg = Release|Any CPU
		{F0B4B69B-D1EB-469B-BC2E-B59F2F1C0634}.Release|x64.Build.0 = Release|Any CPU
		{F0B4B69B-D1EB-469B-BC2E-B59F2F1C0634}.Release|x86.ActiveCfg = Release|Any CPU
		{F0B4B69B-D1EB-469B-BC2E-B59F2F1C0634}.Release|x86.Build.0 = Release|Any CPU
		{DF138895-5052-4B2F-8F8D-02B7BABEEE8A}.Debug|Any CPU.ActiveCfg = Debug|Any CPU
		{DF138895-5052-4B2F-8F8D-02B7BABEEE8A}.Debug|Any CPU.Build.0 = Debug|Any CPU
		{DF138895-5052-4B2F-8F8D-02B7BABEEE8A}.Debug|x64.ActiveCfg = Debug|Any CPU
		{DF138895-5052-4B2F-8F8D-02B7BABEEE8A}.Debug|x64.Build.0 = Debug|Any CPU
		{DF138895-5052-4B2F-8F8D-02B7BABEEE8A}.Debug|x86.ActiveCfg = Debug|Any CPU
		{DF138895-5052-4B2F-8F8D-02B7BABEEE8A}.Debug|x86.Build.0 = Debug|Any CPU
		{DF138895-5052-4B2F-8F8D-02B7BABEEE8A}.Release|Any CPU.ActiveCfg = Release|Any CPU
		{DF138895-5052-4B2F-8F8D-02B7BABEEE8A}.Release|Any CPU.Build.0 = Release|Any CPU
		{DF138895-5052-4B2F-8F8D-02B7BABEEE8A}.Release|x64.ActiveCfg = Release|Any CPU
		{DF138895-5052-4B2F-8F8D-02B7BABEEE8A}.Release|x64.Build.0 = Release|Any CPU
		{DF138895-5052-4B2F-8F8D-02B7BABEEE8A}.Release|x86.ActiveCfg = Release|Any CPU
		{DF138895-5052-4B2F-8F8D-02B7BABEEE8A}.Release|x86.Build.0 = Release|Any CPU
		{3C606F80-E190-48ED-B7FF-14F715A17F9D}.Debug|Any CPU.ActiveCfg = Debug|Any CPU
		{3C606F80-E190-48ED-B7FF-14F715A17F9D}.Debug|Any CPU.Build.0 = Debug|Any CPU
		{3C606F80-E190-48ED-B7FF-14F715A17F9D}.Debug|x64.ActiveCfg = Debug|Any CPU
		{3C606F80-E190-48ED-B7FF-14F715A17F9D}.Debug|x64.Build.0 = Debug|Any CPU
		{3C606F80-E190-48ED-B7FF-14F715A17F9D}.Debug|x86.ActiveCfg = Debug|Any CPU
		{3C606F80-E190-48ED-B7FF-14F715A17F9D}.Debug|x86.Build.0 = Debug|Any CPU
		{3C606F80-E190-48ED-B7FF-14F715A17F9D}.Release|Any CPU.ActiveCfg = Release|Any CPU
		{3C606F80-E190-48ED-B7FF-14F715A17F9D}.Release|Any CPU.Build.0 = Release|Any CPU
		{3C606F80-E190-48ED-B7FF-14F715A17F9D}.Release|x64.ActiveCfg = Release|Any CPU
		{3C606F80-E190-48ED-B7FF-14F715A17F9D}.Release|x64.Build.0 = Release|Any CPU
		{3C606F80-E190-48ED-B7FF-14F715A17F9D}.Release|x86.ActiveCfg = Release|Any CPU
		{3C606F80-E190-48ED-B7FF-14F715A17F9D}.Release|x86.Build.0 = Release|Any CPU
		{CF8CC0AB-9260-4971-9099-9A145041A170}.Debug|Any CPU.ActiveCfg = Debug|Any CPU
		{CF8CC0AB-9260-4971-9099-9A145041A170}.Debug|Any CPU.Build.0 = Debug|Any CPU
		{CF8CC0AB-9260-4971-9099-9A145041A170}.Debug|x64.ActiveCfg = Debug|Any CPU
		{CF8CC0AB-9260-4971-9099-9A145041A170}.Debug|x64.Build.0 = Debug|Any CPU
		{CF8CC0AB-9260-4971-9099-9A145041A170}.Debug|x86.ActiveCfg = Debug|Any CPU
		{CF8CC0AB-9260-4971-9099-9A145041A170}.Debug|x86.Build.0 = Debug|Any CPU
		{CF8CC0AB-9260-4971-9099-9A145041A170}.Release|Any CPU.ActiveCfg = Release|Any CPU
		{CF8CC0AB-9260-4971-9099-9A145041A170}.Release|Any CPU.Build.0 = Release|Any CPU
		{CF8CC0AB-9260-4971-9099-9A145041A170}.Release|x64.ActiveCfg = Release|Any CPU
		{CF8CC0AB-9260-4971-9099-9A145041A170}.Release|x64.Build.0 = Release|Any CPU
		{CF8CC0AB-9260-4971-9099-9A145041A170}.Release|x86.ActiveCfg = Release|Any CPU
		{CF8CC0AB-9260-4971-9099-9A145041A170}.Release|x86.Build.0 = Release|Any CPU
		{B5EC035A-2443-4808-ADD8-30869A0D54A4}.Debug|Any CPU.ActiveCfg = Debug|Any CPU
		{B5EC035A-2443-4808-ADD8-30869A0D54A4}.Debug|Any CPU.Build.0 = Debug|Any CPU
		{B5EC035A-2443-4808-ADD8-30869A0D54A4}.Debug|x64.ActiveCfg = Debug|Any CPU
		{B5EC035A-2443-4808-ADD8-30869A0D54A4}.Debug|x64.Build.0 = Debug|Any CPU
		{B5EC035A-2443-4808-ADD8-30869A0D54A4}.Debug|x86.ActiveCfg = Debug|Any CPU
		{B5EC035A-2443-4808-ADD8-30869A0D54A4}.Debug|x86.Build.0 = Debug|Any CPU
		{B5EC035A-2443-4808-ADD8-30869A0D54A4}.Release|Any CPU.ActiveCfg = Release|Any CPU
		{B5EC035A-2443-4808-ADD8-30869A0D54A4}.Release|Any CPU.Build.0 = Release|Any CPU
		{B5EC035A-2443-4808-ADD8-30869A0D54A4}.Release|x64.ActiveCfg = Release|Any CPU
		{B5EC035A-2443-4808-ADD8-30869A0D54A4}.Release|x64.Build.0 = Release|Any CPU
		{B5EC035A-2443-4808-ADD8-30869A0D54A4}.Release|x86.ActiveCfg = Release|Any CPU
		{B5EC035A-2443-4808-ADD8-30869A0D54A4}.Release|x86.Build.0 = Release|Any CPU
		{AF819704-D354-4F6B-9246-9082696127F2}.Debug|Any CPU.ActiveCfg = Debug|Any CPU
		{AF819704-D354-4F6B-9246-9082696127F2}.Debug|Any CPU.Build.0 = Debug|Any CPU
		{AF819704-D354-4F6B-9246-9082696127F2}.Debug|x64.ActiveCfg = Debug|Any CPU
		{AF819704-D354-4F6B-9246-9082696127F2}.Debug|x64.Build.0 = Debug|Any CPU
		{AF819704-D354-4F6B-9246-9082696127F2}.Debug|x86.ActiveCfg = Debug|Any CPU
		{AF819704-D354-4F6B-9246-9082696127F2}.Debug|x86.Build.0 = Debug|Any CPU
		{AF819704-D354-4F6B-9246-9082696127F2}.Release|Any CPU.ActiveCfg = Release|Any CPU
		{AF819704-D354-4F6B-9246-9082696127F2}.Release|Any CPU.Build.0 = Release|Any CPU
		{AF819704-D354-4F6B-9246-9082696127F2}.Release|x64.ActiveCfg = Release|Any CPU
		{AF819704-D354-4F6B-9246-9082696127F2}.Release|x64.Build.0 = Release|Any CPU
		{AF819704-D354-4F6B-9246-9082696127F2}.Release|x86.ActiveCfg = Release|Any CPU
		{AF819704-D354-4F6B-9246-9082696127F2}.Release|x86.Build.0 = Release|Any CPU
		{1CE61170-C296-4C08-9769-907159180716}.Debug|Any CPU.ActiveCfg = Debug|Any CPU
		{1CE61170-C296-4C08-9769-907159180716}.Debug|Any CPU.Build.0 = Debug|Any CPU
		{1CE61170-C296-4C08-9769-907159180716}.Debug|x64.ActiveCfg = Debug|Any CPU
		{1CE61170-C296-4C08-9769-907159180716}.Debug|x64.Build.0 = Debug|Any CPU
		{1CE61170-C296-4C08-9769-907159180716}.Debug|x86.ActiveCfg = Debug|Any CPU
		{1CE61170-C296-4C08-9769-907159180716}.Debug|x86.Build.0 = Debug|Any CPU
		{1CE61170-C296-4C08-9769-907159180716}.Release|Any CPU.ActiveCfg = Release|Any CPU
		{1CE61170-C296-4C08-9769-907159180716}.Release|Any CPU.Build.0 = Release|Any CPU
		{1CE61170-C296-4C08-9769-907159180716}.Release|x64.ActiveCfg = Release|Any CPU
		{1CE61170-C296-4C08-9769-907159180716}.Release|x64.Build.0 = Release|Any CPU
		{1CE61170-C296-4C08-9769-907159180716}.Release|x86.ActiveCfg = Release|Any CPU
		{1CE61170-C296-4C08-9769-907159180716}.Release|x86.Build.0 = Release|Any CPU
	EndGlobalSection
	GlobalSection(SolutionProperties) = preSolution
		HideSolutionNode = FALSE
	EndGlobalSection
	GlobalSection(NestedProjects) = preSolution
		{9341B387-521F-4C7B-A638-3DF4A012BF22} = {827E0CD3-B72D-47B6-A68D-7590B98EB39B}
		{71EFE01A-DE0F-4C5D-8C63-66AA35DAB36D} = {827E0CD3-B72D-47B6-A68D-7590B98EB39B}
		{0AFF8FC7-EFA2-45D1-8065-4A2032275F54} = {827E0CD3-B72D-47B6-A68D-7590B98EB39B}
		{F0B4B69B-D1EB-469B-BC2E-B59F2F1C0634} = {827E0CD3-B72D-47B6-A68D-7590B98EB39B}
		{DF138895-5052-4B2F-8F8D-02B7BABEEE8A} = {827E0CD3-B72D-47B6-A68D-7590B98EB39B}
		{3C606F80-E190-48ED-B7FF-14F715A17F9D} = {827E0CD3-B72D-47B6-A68D-7590B98EB39B}
		{CF8CC0AB-9260-4971-9099-9A145041A170} = {827E0CD3-B72D-47B6-A68D-7590B98EB39B}
		{B5EC035A-2443-4808-ADD8-30869A0D54A4} = {827E0CD3-B72D-47B6-A68D-7590B98EB39B}
		{AF819704-D354-4F6B-9246-9082696127F2} = {827E0CD3-B72D-47B6-A68D-7590B98EB39B}
		{1CE61170-C296-4C08-9769-907159180716} = {0AB3BF05-4346-4AA6-1389-037BE0695223}
	EndGlobalSection
EndGlobal
